
Microsoft Visual Studio Solution File, Format Version 11.00
# Visual Studio 2010
Project("{FAE04EC0-301F-11D3-BF4B-00C04F79EFBC}") = "Assembly-CSharp", "Assembly-CSharp.csproj", "{578D21E7-1A84-D938-59DE-3CDDCE371C39}"
EndProject
Project("{FAE04EC0-301F-11D3-BF4B-00C04F79EFBC}") = "Assembly-CSharp-Editor", "Assembly-CSharp-Editor.csproj", "{91DE084F-B17D-6B77-C839-7F053972F2A2}"
EndProject
Global
	GlobalSection(SolutionConfigurationPlatforms) = preSolution
		Debug|Any CPU = Debug|Any CPU
		Release|Any CPU = Release|Any CPU
	EndGlobalSection
	GlobalSection(ProjectConfigurationPlatforms) = postSolution
		{578D21E7-1A84-D938-59DE-3CDDCE371C39}.Debug|Any CPU.ActiveCfg = Debug|Any CPU
		{578D21E7-1A84-D938-59DE-3CDDCE371C39}.Debug|Any CPU.Build.0 = Debug|Any CPU
		{578D21E7-1A84-D938-59DE-3CDDCE371C39}.Release|Any CPU.ActiveCfg = Release|Any CPU
		{578D21E7-1A84-D938-59DE-3CDDCE371C39}.Release|Any CPU.Build.0 = Release|Any CPU
		{91DE084F-B17D-6B77-C839-7F053972F2A2}.Debug|Any CPU.ActiveCfg = Debug|Any CPU
		{91DE084F-B17D-6B77-C839-7F053972F2A2}.Debug|Any CPU.Build.0 = Debug|Any CPU
		{91DE084F-B17D-6B77-C839-7F053972F2A2}.Release|Any CPU.ActiveCfg = Release|Any CPU
		{91DE084F-B17D-6B77-C839-7F053972F2A2}.Release|Any CPU.Build.0 = Release|Any CPU
	EndGlobalSection
	GlobalSection(SolutionProperties) = preSolution
		HideSolutionNode = FALSE
	EndGlobalSection
	GlobalSection(MonoDevelopProperties) = preSolution
		StartupItem = Assembly-CSharp.csproj
	EndGlobalSection
EndGlobal
